
Microsoft Visual Studio Solution File, Format Version 12.00
# Visual Studio 15
VisualStudioVersion = 15.0.27428.2015
MinimumVisualStudioVersion = 10.0.40219.1
Project("{FAE04EC0-301F-11D3-BF4B-00C04F79EFBC}") = "DivideByZeroException", "DivideByZeroException\DivideByZeroException.csproj", "{ADB7A93B-B40E-43DA-829D-CE33FF5DF812}"
EndProject
Global
	GlobalSection(SolutionConfigurationPlatforms) = preSolution
		Debug|Any CPU = Debug|Any CPU
		Release|Any CPU = Release|Any CPU
	EndGlobalSection
	GlobalSection(ProjectConfigurationPlatforms) = postSolution
		{ADB7A93B-B40E-43DA-829D-CE33FF5DF812}.Debug|Any CPU.ActiveCfg = Debug|Any CPU
		{ADB7A93B-B40E-43DA-829D-CE33FF5DF812}.Debug|Any CPU.Build.0 = Debug|Any CPU
		{ADB7A93B-B40E-43DA-829D-CE33FF5DF812}.Release|Any CPU.ActiveCfg = Release|Any CPU
		{ADB7A93B-B40E-43DA-829D-CE33FF5DF812}.Release|Any CPU.Build.0 = Release|Any CPU
	EndGlobalSection
	GlobalSection(SolutionProperties) = preSolution
		HideSolutionNode = FALSE
	EndGlobalSection
	GlobalSection(ExtensibilityGlobals) = postSolution
		SolutionGuid = {9DB4A550-2C49-460E-A998-997AE488C84C}
	EndGlobalSection
EndGlobal
