
Microsoft Visual Studio Solution File, Format Version 12.00
# Visual Studio 15
VisualStudioVersion = 15.0.27428.2015
MinimumVisualStudioVersion = 10.0.40219.1
Project("{FAE04EC0-301F-11D3-BF4B-00C04F79EFBC}") = "DisposeMethodDemo", "DisposeMethodDemo\DisposeMethodDemo.csproj", "{B240D855-354A-4EC8-9CF8-DF99F60E249A}"
EndProject
Global
	GlobalSection(SolutionConfigurationPlatforms) = preSolution
		Debug|Any CPU = Debug|Any CPU
		Release|Any CPU = Release|Any CPU
	EndGlobalSection
	GlobalSection(ProjectConfigurationPlatforms) = postSolution
		{B240D855-354A-4EC8-9CF8-DF99F60E249A}.Debug|Any CPU.ActiveCfg = Debug|Any CPU
		{B240D855-354A-4EC8-9CF8-DF99F60E249A}.Debug|Any CPU.Build.0 = Debug|Any CPU
		{B240D855-354A-4EC8-9CF8-DF99F60E249A}.Release|Any CPU.ActiveCfg = Release|Any CPU
		{B240D855-354A-4EC8-9CF8-DF99F60E249A}.Release|Any CPU.Build.0 = Release|Any CPU
	EndGlobalSection
	GlobalSection(SolutionProperties) = preSolution
		HideSolutionNode = FALSE
	EndGlobalSection
	GlobalSection(ExtensibilityGlobals) = postSolution
		SolutionGuid = {4C8F9453-517A-413B-A087-DC1B7CC43F1D}
	EndGlobalSection
EndGlobal
